
Microsoft Visual Studio Solution File, Format Version 12.00
# Visual Studio Version 17
VisualStudioVersion = 17.5.002.0
MinimumVisualStudioVersion = 10.0.40219.1
Project("{9A19103F-16F7-4668-BE54-9A1E7A4F7556}") = "LC_Pruebas", "LC_Pruebas.csproj", "{DA3F2CE1-BE96-4121-B962-9ECF4F053FAE}"
EndProject
Global
	GlobalSection(SolutionConfigurationPlatforms) = preSolution
		Debug|Any CPU = Debug|Any CPU
		Release|Any CPU = Release|Any CPU
	EndGlobalSection
	GlobalSection(ProjectConfigurationPlatforms) = postSolution
		{DA3F2CE1-BE96-4121-B962-9ECF4F053FAE}.Debug|Any CPU.ActiveCfg = Debug|Any CPU
		{DA3F2CE1-BE96-4121-B962-9ECF4F053FAE}.Debug|Any CPU.Build.0 = Debug|Any CPU
		{DA3F2CE1-BE96-4121-B962-9ECF4F053FAE}.Release|Any CPU.ActiveCfg = Release|Any CPU
		{DA3F2CE1-BE96-4121-B962-9ECF4F053FAE}.Release|Any CPU.Build.0 = Release|Any CPU
	EndGlobalSection
	GlobalSection(SolutionProperties) = preSolution
		HideSolutionNode = FALSE
	EndGlobalSection
	GlobalSection(ExtensibilityGlobals) = postSolution
		SolutionGuid = {411422F6-624D-4D65-8E37-B045E3A2344B}
	EndGlobalSection
EndGlobal
