
Microsoft Visual Studio Solution File, Format Version 12.00
# Visual Studio Version 17
VisualStudioVersion = 17.5.002.0
MinimumVisualStudioVersion = 10.0.40219.1
Project("{2150E333-8FDC-42A3-9474-1A3956D46DE8}") = "1erParcial", "1erParcial", "{EB806CB8-3048-451E-BC90-5CFBE34C0148}"
EndProject
Project("{9A19103F-16F7-4668-BE54-9A1E7A4F7556}") = "Conversion", "1erParcial\Conversion\Conversion.csproj", "{34B9DCBD-ED7F-4630-810B-302478CF9A7F}"
EndProject
Project("{9A19103F-16F7-4668-BE54-9A1E7A4F7556}") = "Encapsulation", "1erParcial\Encapsulation\Encapsulation.csproj", "{29797F39-7A21-497F-98B5-CE8599A59602}"
EndProject
Project("{9A19103F-16F7-4668-BE54-9A1E7A4F7556}") = "fizzbuzz", "1erParcial\fizzbuzz\fizzbuzz.csproj", "{7AC24974-8467-452D-A1C1-9AFB6B854F9F}"
EndProject
Project("{9A19103F-16F7-4668-BE54-9A1E7A4F7556}") = "handlingExeptions", "1erParcial\handlingExeptions\handlingExeptions.csproj", "{9BFA7BE5-E1DA-401C-9AD1-B96F267C11E4}"
EndProject
Project("{9A19103F-16F7-4668-BE54-9A1E7A4F7556}") = "variables", "1erParcial\variables\variables.csproj", "{156FF87F-CED0-4DA5-B39E-2AC53405B5D8}"
EndProject
Project("{2150E333-8FDC-42A3-9474-1A3956D46DE8}") = "2doParcial", "2doParcial", "{DE5B311E-FC12-44D5-8DF8-7C6D52F31D64}"
EndProject
Project("{9A19103F-16F7-4668-BE54-9A1E7A4F7556}") = "almacen", "2doParcial\almacen\almacen.csproj", "{B1D1846D-F7F4-4484-BBEC-9926D92D337D}"
EndProject
Project("{9A19103F-16F7-4668-BE54-9A1E7A4F7556}") = "Lector", "2doParcial\Lector\Lector.csproj", "{56E0CAFB-D9B2-4F0D-9DB3-18BEC9F17268}"
EndProject
Project("{9A19103F-16F7-4668-BE54-9A1E7A4F7556}") = "Libraries", "2doParcial\Libraries\Libraries.csproj", "{D8A2DDC4-A291-424D-8E18-8444E072D50C}"
EndProject
Project("{9A19103F-16F7-4668-BE54-9A1E7A4F7556}") = "WorkingWithEFCore", "2doParcial\WorkingWithEFCore\WorkingWithEFCore.csproj", "{A72C3C9E-8420-4D65-9B43-29605801FD6F}"
EndProject
Project("{9A19103F-16F7-4668-BE54-9A1E7A4F7556}") = "workingWithFileSystem", "2doParcial\workingWithFileSystem\workingWithFileSystem.csproj", "{B58B3964-EE81-48A1-A488-3DA2E50B5766}"
EndProject
Project("{9A19103F-16F7-4668-BE54-9A1E7A4F7556}") = "WorkingWithSerialization", "2doParcial\WorkingWithSerialization\WorkingWithSerialization.csproj", "{66CD01CF-277F-4B6E-8A32-09599CE9B853}"
EndProject
Project("{2150E333-8FDC-42A3-9474-1A3956D46DE8}") = "UnitTesting", "UnitTesting", "{0CF7606F-D7CC-4604-8208-11037C480FD7}"
EndProject
Project("{9A19103F-16F7-4668-BE54-9A1E7A4F7556}") = "calculatorLib", "1erParcial\UnitTesting\calculatorLib\calculatorLib.csproj", "{92DC214D-41FD-405D-9AA6-C035359EDF90}"
EndProject
Project("{9A19103F-16F7-4668-BE54-9A1E7A4F7556}") = "CalculatorUnitTesting", "1erParcial\UnitTesting\CalculatorUnitTesting\CalculatorUnitTesting.csproj", "{4B7E6A91-9CA5-40CB-86A2-50415FDE60E6}"
EndProject
Project("{2150E333-8FDC-42A3-9474-1A3956D46DE8}") = "OOP", "OOP", "{B03EC08C-28B1-4A25-98CB-E8E1A4AFED01}"
EndProject
Project("{9A19103F-16F7-4668-BE54-9A1E7A4F7556}") = "PeopleApp", "2doParcial\OOP\PeopleApp\PeopleApp.csproj", "{C0B18664-153C-4FAF-80B6-BE0475A0C221}"
EndProject
Project("{2150E333-8FDC-42A3-9474-1A3956D46DE8}") = "UnitTesting", "UnitTesting", "{72B79073-20C6-4728-9169-E2250DC2E371}"
EndProject
Project("{9A19103F-16F7-4668-BE54-9A1E7A4F7556}") = "AlmacenLib", "2doParcial\UnitTesting\AlmacenLib\AlmacenLib.csproj", "{FF36E1F4-36DD-43F6-AB03-254FB9B7D323}"
EndProject
Project("{9A19103F-16F7-4668-BE54-9A1E7A4F7556}") = "AlmacenUnitTesting", "2doParcial\UnitTesting\AlmacenUnitTesting\AlmacenUnitTesting.csproj", "{A5974DC3-F065-478B-B39A-26D5A26713AF}"
EndProject
Project("{9A19103F-16F7-4668-BE54-9A1E7A4F7556}") = "LectorLib", "2doParcial\UnitTesting\LectorLib\LectorLib.csproj", "{91768BB1-3C63-4EF0-B01F-2BFEA0F748D9}"
EndProject
Project("{9A19103F-16F7-4668-BE54-9A1E7A4F7556}") = "LectorUnitTesting", "2doParcial\UnitTesting\LectorUnitTesting\LectorUnitTesting.csproj", "{8F30167E-D76F-41C7-B604-5CE06D3C40E2}"
EndProject
Project("{2150E333-8FDC-42A3-9474-1A3956D46DE8}") = "pruebasjsjsjs", "pruebasjsjsjs", "{EA64EE2A-7300-485F-A139-AAFDEAD2D36B}"
EndProject
Project("{2150E333-8FDC-42A3-9474-1A3956D46DE8}") = "crud", "crud", "{CD43F141-75C8-4E49-AF85-5185AD310DB7}"
EndProject
Project("{9A19103F-16F7-4668-BE54-9A1E7A4F7556}") = "pruebascrud", "pruebasjsjsjs\crud\pruebascrud\pruebascrud.csproj", "{3E15E08A-C0D6-4B69-B462-EBAE04CF7E29}"
EndProject
Global
	GlobalSection(SolutionConfigurationPlatforms) = preSolution
		Debug|Any CPU = Debug|Any CPU
		Release|Any CPU = Release|Any CPU
	EndGlobalSection
	GlobalSection(ProjectConfigurationPlatforms) = postSolution
		{34B9DCBD-ED7F-4630-810B-302478CF9A7F}.Debug|Any CPU.ActiveCfg = Debug|Any CPU
		{34B9DCBD-ED7F-4630-810B-302478CF9A7F}.Debug|Any CPU.Build.0 = Debug|Any CPU
		{34B9DCBD-ED7F-4630-810B-302478CF9A7F}.Release|Any CPU.ActiveCfg = Release|Any CPU
		{34B9DCBD-ED7F-4630-810B-302478CF9A7F}.Release|Any CPU.Build.0 = Release|Any CPU
		{29797F39-7A21-497F-98B5-CE8599A59602}.Debug|Any CPU.ActiveCfg = Debug|Any CPU
		{29797F39-7A21-497F-98B5-CE8599A59602}.Debug|Any CPU.Build.0 = Debug|Any CPU
		{29797F39-7A21-497F-98B5-CE8599A59602}.Release|Any CPU.ActiveCfg = Release|Any CPU
		{29797F39-7A21-497F-98B5-CE8599A59602}.Release|Any CPU.Build.0 = Release|Any CPU
		{7AC24974-8467-452D-A1C1-9AFB6B854F9F}.Debug|Any CPU.ActiveCfg = Debug|Any CPU
		{7AC24974-8467-452D-A1C1-9AFB6B854F9F}.Debug|Any CPU.Build.0 = Debug|Any CPU
		{7AC24974-8467-452D-A1C1-9AFB6B854F9F}.Release|Any CPU.ActiveCfg = Release|Any CPU
		{7AC24974-8467-452D-A1C1-9AFB6B854F9F}.Release|Any CPU.Build.0 = Release|Any CPU
		{9BFA7BE5-E1DA-401C-9AD1-B96F267C11E4}.Debug|Any CPU.ActiveCfg = Debug|Any CPU
		{9BFA7BE5-E1DA-401C-9AD1-B96F267C11E4}.Debug|Any CPU.Build.0 = Debug|Any CPU
		{9BFA7BE5-E1DA-401C-9AD1-B96F267C11E4}.Release|Any CPU.ActiveCfg = Release|Any CPU
		{9BFA7BE5-E1DA-401C-9AD1-B96F267C11E4}.Release|Any CPU.Build.0 = Release|Any CPU
		{156FF87F-CED0-4DA5-B39E-2AC53405B5D8}.Debug|Any CPU.ActiveCfg = Debug|Any CPU
		{156FF87F-CED0-4DA5-B39E-2AC53405B5D8}.Debug|Any CPU.Build.0 = Debug|Any CPU
		{156FF87F-CED0-4DA5-B39E-2AC53405B5D8}.Release|Any CPU.ActiveCfg = Release|Any CPU
		{156FF87F-CED0-4DA5-B39E-2AC53405B5D8}.Release|Any CPU.Build.0 = Release|Any CPU
		{B1D1846D-F7F4-4484-BBEC-9926D92D337D}.Debug|Any CPU.ActiveCfg = Debug|Any CPU
		{B1D1846D-F7F4-4484-BBEC-9926D92D337D}.Debug|Any CPU.Build.0 = Debug|Any CPU
		{B1D1846D-F7F4-4484-BBEC-9926D92D337D}.Release|Any CPU.ActiveCfg = Release|Any CPU
		{B1D1846D-F7F4-4484-BBEC-9926D92D337D}.Release|Any CPU.Build.0 = Release|Any CPU
		{56E0CAFB-D9B2-4F0D-9DB3-18BEC9F17268}.Debug|Any CPU.ActiveCfg = Debug|Any CPU
		{56E0CAFB-D9B2-4F0D-9DB3-18BEC9F17268}.Debug|Any CPU.Build.0 = Debug|Any CPU
		{56E0CAFB-D9B2-4F0D-9DB3-18BEC9F17268}.Release|Any CPU.ActiveCfg = Release|Any CPU
		{56E0CAFB-D9B2-4F0D-9DB3-18BEC9F17268}.Release|Any CPU.Build.0 = Release|Any CPU
		{D8A2DDC4-A291-424D-8E18-8444E072D50C}.Debug|Any CPU.ActiveCfg = Debug|Any CPU
		{D8A2DDC4-A291-424D-8E18-8444E072D50C}.Debug|Any CPU.Build.0 = Debug|Any CPU
		{D8A2DDC4-A291-424D-8E18-8444E072D50C}.Release|Any CPU.ActiveCfg = Release|Any CPU
		{D8A2DDC4-A291-424D-8E18-8444E072D50C}.Release|Any CPU.Build.0 = Release|Any CPU
		{A72C3C9E-8420-4D65-9B43-29605801FD6F}.Debug|Any CPU.ActiveCfg = Debug|Any CPU
		{A72C3C9E-8420-4D65-9B43-29605801FD6F}.Debug|Any CPU.Build.0 = Debug|Any CPU
		{A72C3C9E-8420-4D65-9B43-29605801FD6F}.Release|Any CPU.ActiveCfg = Release|Any CPU
		{A72C3C9E-8420-4D65-9B43-29605801FD6F}.Release|Any CPU.Build.0 = Release|Any CPU
		{B58B3964-EE81-48A1-A488-3DA2E50B5766}.Debug|Any CPU.ActiveCfg = Debug|Any CPU
		{B58B3964-EE81-48A1-A488-3DA2E50B5766}.Debug|Any CPU.Build.0 = Debug|Any CPU
		{B58B3964-EE81-48A1-A488-3DA2E50B5766}.Release|Any CPU.ActiveCfg = Release|Any CPU
		{B58B3964-EE81-48A1-A488-3DA2E50B5766}.Release|Any CPU.Build.0 = Release|Any CPU
		{66CD01CF-277F-4B6E-8A32-09599CE9B853}.Debug|Any CPU.ActiveCfg = Debug|Any CPU
		{66CD01CF-277F-4B6E-8A32-09599CE9B853}.Debug|Any CPU.Build.0 = Debug|Any CPU
		{66CD01CF-277F-4B6E-8A32-09599CE9B853}.Release|Any CPU.ActiveCfg = Release|Any CPU
		{66CD01CF-277F-4B6E-8A32-09599CE9B853}.Release|Any CPU.Build.0 = Release|Any CPU
		{92DC214D-41FD-405D-9AA6-C035359EDF90}.Debug|Any CPU.ActiveCfg = Debug|Any CPU
		{92DC214D-41FD-405D-9AA6-C035359EDF90}.Debug|Any CPU.Build.0 = Debug|Any CPU
		{92DC214D-41FD-405D-9AA6-C035359EDF90}.Release|Any CPU.ActiveCfg = Release|Any CPU
		{92DC214D-41FD-405D-9AA6-C035359EDF90}.Release|Any CPU.Build.0 = Release|Any CPU
		{4B7E6A91-9CA5-40CB-86A2-50415FDE60E6}.Debug|Any CPU.ActiveCfg = Debug|Any CPU
		{4B7E6A91-9CA5-40CB-86A2-50415FDE60E6}.Debug|Any CPU.Build.0 = Debug|Any CPU
		{4B7E6A91-9CA5-40CB-86A2-50415FDE60E6}.Release|Any CPU.ActiveCfg = Release|Any CPU
		{4B7E6A91-9CA5-40CB-86A2-50415FDE60E6}.Release|Any CPU.Build.0 = Release|Any CPU
		{C0B18664-153C-4FAF-80B6-BE0475A0C221}.Debug|Any CPU.ActiveCfg = Debug|Any CPU
		{C0B18664-153C-4FAF-80B6-BE0475A0C221}.Debug|Any CPU.Build.0 = Debug|Any CPU
		{C0B18664-153C-4FAF-80B6-BE0475A0C221}.Release|Any CPU.ActiveCfg = Release|Any CPU
		{C0B18664-153C-4FAF-80B6-BE0475A0C221}.Release|Any CPU.Build.0 = Release|Any CPU
		{FF36E1F4-36DD-43F6-AB03-254FB9B7D323}.Debug|Any CPU.ActiveCfg = Debug|Any CPU
		{FF36E1F4-36DD-43F6-AB03-254FB9B7D323}.Debug|Any CPU.Build.0 = Debug|Any CPU
		{FF36E1F4-36DD-43F6-AB03-254FB9B7D323}.Release|Any CPU.ActiveCfg = Release|Any CPU
		{FF36E1F4-36DD-43F6-AB03-254FB9B7D323}.Release|Any CPU.Build.0 = Release|Any CPU
		{A5974DC3-F065-478B-B39A-26D5A26713AF}.Debug|Any CPU.ActiveCfg = Debug|Any CPU
		{A5974DC3-F065-478B-B39A-26D5A26713AF}.Debug|Any CPU.Build.0 = Debug|Any CPU
		{A5974DC3-F065-478B-B39A-26D5A26713AF}.Release|Any CPU.ActiveCfg = Release|Any CPU
		{A5974DC3-F065-478B-B39A-26D5A26713AF}.Release|Any CPU.Build.0 = Release|Any CPU
		{91768BB1-3C63-4EF0-B01F-2BFEA0F748D9}.Debug|Any CPU.ActiveCfg = Debug|Any CPU
		{91768BB1-3C63-4EF0-B01F-2BFEA0F748D9}.Debug|Any CPU.Build.0 = Debug|Any CPU
		{91768BB1-3C63-4EF0-B01F-2BFEA0F748D9}.Release|Any CPU.ActiveCfg = Release|Any CPU
		{91768BB1-3C63-4EF0-B01F-2BFEA0F748D9}.Release|Any CPU.Build.0 = Release|Any CPU
		{8F30167E-D76F-41C7-B604-5CE06D3C40E2}.Debug|Any CPU.ActiveCfg = Debug|Any CPU
		{8F30167E-D76F-41C7-B604-5CE06D3C40E2}.Debug|Any CPU.Build.0 = Debug|Any CPU
		{8F30167E-D76F-41C7-B604-5CE06D3C40E2}.Release|Any CPU.ActiveCfg = Release|Any CPU
		{8F30167E-D76F-41C7-B604-5CE06D3C40E2}.Release|Any CPU.Build.0 = Release|Any CPU
		{3E15E08A-C0D6-4B69-B462-EBAE04CF7E29}.Debug|Any CPU.ActiveCfg = Debug|Any CPU
		{3E15E08A-C0D6-4B69-B462-EBAE04CF7E29}.Debug|Any CPU.Build.0 = Debug|Any CPU
		{3E15E08A-C0D6-4B69-B462-EBAE04CF7E29}.Release|Any CPU.ActiveCfg = Release|Any CPU
		{3E15E08A-C0D6-4B69-B462-EBAE04CF7E29}.Release|Any CPU.Build.0 = Release|Any CPU
	EndGlobalSection
	GlobalSection(SolutionProperties) = preSolution
		HideSolutionNode = FALSE
	EndGlobalSection
	GlobalSection(NestedProjects) = preSolution
		{34B9DCBD-ED7F-4630-810B-302478CF9A7F} = {EB806CB8-3048-451E-BC90-5CFBE34C0148}
		{29797F39-7A21-497F-98B5-CE8599A59602} = {EB806CB8-3048-451E-BC90-5CFBE34C0148}
		{7AC24974-8467-452D-A1C1-9AFB6B854F9F} = {EB806CB8-3048-451E-BC90-5CFBE34C0148}
		{9BFA7BE5-E1DA-401C-9AD1-B96F267C11E4} = {EB806CB8-3048-451E-BC90-5CFBE34C0148}
		{156FF87F-CED0-4DA5-B39E-2AC53405B5D8} = {EB806CB8-3048-451E-BC90-5CFBE34C0148}
		{B1D1846D-F7F4-4484-BBEC-9926D92D337D} = {DE5B311E-FC12-44D5-8DF8-7C6D52F31D64}
		{56E0CAFB-D9B2-4F0D-9DB3-18BEC9F17268} = {DE5B311E-FC12-44D5-8DF8-7C6D52F31D64}
		{D8A2DDC4-A291-424D-8E18-8444E072D50C} = {DE5B311E-FC12-44D5-8DF8-7C6D52F31D64}
		{A72C3C9E-8420-4D65-9B43-29605801FD6F} = {DE5B311E-FC12-44D5-8DF8-7C6D52F31D64}
		{B58B3964-EE81-48A1-A488-3DA2E50B5766} = {DE5B311E-FC12-44D5-8DF8-7C6D52F31D64}
		{66CD01CF-277F-4B6E-8A32-09599CE9B853} = {DE5B311E-FC12-44D5-8DF8-7C6D52F31D64}
		{0CF7606F-D7CC-4604-8208-11037C480FD7} = {EB806CB8-3048-451E-BC90-5CFBE34C0148}
		{92DC214D-41FD-405D-9AA6-C035359EDF90} = {0CF7606F-D7CC-4604-8208-11037C480FD7}
		{4B7E6A91-9CA5-40CB-86A2-50415FDE60E6} = {0CF7606F-D7CC-4604-8208-11037C480FD7}
		{B03EC08C-28B1-4A25-98CB-E8E1A4AFED01} = {DE5B311E-FC12-44D5-8DF8-7C6D52F31D64}
		{C0B18664-153C-4FAF-80B6-BE0475A0C221} = {B03EC08C-28B1-4A25-98CB-E8E1A4AFED01}
		{72B79073-20C6-4728-9169-E2250DC2E371} = {DE5B311E-FC12-44D5-8DF8-7C6D52F31D64}
		{FF36E1F4-36DD-43F6-AB03-254FB9B7D323} = {72B79073-20C6-4728-9169-E2250DC2E371}
		{A5974DC3-F065-478B-B39A-26D5A26713AF} = {72B79073-20C6-4728-9169-E2250DC2E371}
		{91768BB1-3C63-4EF0-B01F-2BFEA0F748D9} = {72B79073-20C6-4728-9169-E2250DC2E371}
		{8F30167E-D76F-41C7-B604-5CE06D3C40E2} = {72B79073-20C6-4728-9169-E2250DC2E371}
		{CD43F141-75C8-4E49-AF85-5185AD310DB7} = {EA64EE2A-7300-485F-A139-AAFDEAD2D36B}
		{3E15E08A-C0D6-4B69-B462-EBAE04CF7E29} = {CD43F141-75C8-4E49-AF85-5185AD310DB7}
	EndGlobalSection
	GlobalSection(ExtensibilityGlobals) = postSolution
		SolutionGuid = {9EDF2C9F-AC7A-4ADE-9CE2-8FB5896CEBC6}
	EndGlobalSection
EndGlobal
