
Microsoft Visual Studio Solution File, Format Version 12.00
# Visual Studio Version 17
VisualStudioVersion = 17.5.002.0
MinimumVisualStudioVersion = 10.0.40219.1
Project("{2150E333-8FDC-42A3-9474-1A3956D46DE8}") = "1erParcial", "1erParcial", "{F5E8AB62-F821-40C8-A2CF-68D30553A24E}"
EndProject
Project("{9A19103F-16F7-4668-BE54-9A1E7A4F7556}") = "Conversion", "1erParcial\Conversion\Conversion.csproj", "{FD9DE312-B2B1-4C1B-92A2-E0F2572D6CE4}"
EndProject
Project("{9A19103F-16F7-4668-BE54-9A1E7A4F7556}") = "Encapsulation", "1erParcial\Encapsulation\Encapsulation.csproj", "{D0B42CBD-A204-46AF-BD00-82860492BABF}"
EndProject
Project("{9A19103F-16F7-4668-BE54-9A1E7A4F7556}") = "fizzbuzz", "1erParcial\fizzbuzz\fizzbuzz.csproj", "{2BD4EFA9-A886-44F0-AB3E-23DA8445B829}"
EndProject
Project("{9A19103F-16F7-4668-BE54-9A1E7A4F7556}") = "handlingExeptions", "1erParcial\handlingExeptions\handlingExeptions.csproj", "{A59593CF-9676-4B7A-8E5C-85461553EC75}"
EndProject
Project("{9A19103F-16F7-4668-BE54-9A1E7A4F7556}") = "variables", "1erParcial\variables\variables.csproj", "{41593C35-DF55-4135-8CD5-AB03ABA55BD4}"
EndProject
Project("{2150E333-8FDC-42A3-9474-1A3956D46DE8}") = "2doParcial", "2doParcial", "{A5400682-D6EB-4F73-9FFC-02367AECF39E}"
EndProject
Project("{9A19103F-16F7-4668-BE54-9A1E7A4F7556}") = "almacen", "2doParcial\almacen\almacen.csproj", "{D1DC3364-E3A6-4DEF-A561-F17E2943F86C}"
EndProject
Project("{9A19103F-16F7-4668-BE54-9A1E7A4F7556}") = "Lector", "2doParcial\Lector\Lector.csproj", "{574605CE-1598-41EB-974E-3FD940608414}"
EndProject
Project("{9A19103F-16F7-4668-BE54-9A1E7A4F7556}") = "Libraries", "2doParcial\Libraries\Libraries.csproj", "{8B00E68E-051E-46A6-9D5C-F12B1EC91F52}"
EndProject
Project("{9A19103F-16F7-4668-BE54-9A1E7A4F7556}") = "WorkingWithEFCore", "2doParcial\WorkingWithEFCore\WorkingWithEFCore.csproj", "{5C86BA13-991B-49E3-8864-058CCE53BD39}"
EndProject
Project("{9A19103F-16F7-4668-BE54-9A1E7A4F7556}") = "workingWithFileSystem", "2doParcial\workingWithFileSystem\workingWithFileSystem.csproj", "{69042DAC-35C7-40D3-9075-2CD3D2EE5CB8}"
EndProject
Project("{9A19103F-16F7-4668-BE54-9A1E7A4F7556}") = "WorkingWithSerialization", "2doParcial\WorkingWithSerialization\WorkingWithSerialization.csproj", "{06921CE4-BD36-43BC-BA8F-BAA5A1A87466}"
EndProject
Project("{2150E333-8FDC-42A3-9474-1A3956D46DE8}") = "UnitTesting", "UnitTesting", "{EBBBAB1D-98D6-45DE-8A11-744540427AFD}"
EndProject
Project("{9A19103F-16F7-4668-BE54-9A1E7A4F7556}") = "calculatorLib", "1erParcial\UnitTesting\calculatorLib\calculatorLib.csproj", "{F62D86E1-600E-4E8A-A066-E7D74AF076E0}"
EndProject
Project("{9A19103F-16F7-4668-BE54-9A1E7A4F7556}") = "CalculatorUnitTesting", "1erParcial\UnitTesting\CalculatorUnitTesting\CalculatorUnitTesting.csproj", "{80AFC9AC-FA05-4F11-A877-180DCDF462B2}"
EndProject
Project("{2150E333-8FDC-42A3-9474-1A3956D46DE8}") = "OOP", "OOP", "{46F29BC8-C3A5-449D-86EE-BA7C78E3B008}"
EndProject
Project("{9A19103F-16F7-4668-BE54-9A1E7A4F7556}") = "PeopleApp", "2doParcial\OOP\PeopleApp\PeopleApp.csproj", "{712C9BF8-8E63-45B2-BA93-E220D77E1EAA}"
EndProject
Project("{2150E333-8FDC-42A3-9474-1A3956D46DE8}") = "UnitTesting", "UnitTesting", "{D47BE07A-6690-4FD0-B41E-95D2975F52CE}"
EndProject
Project("{9A19103F-16F7-4668-BE54-9A1E7A4F7556}") = "AlmacenLib", "2doParcial\UnitTesting\AlmacenLib\AlmacenLib.csproj", "{7F90DA24-A871-4ABF-97D8-18D73CAADB99}"
EndProject
Project("{9A19103F-16F7-4668-BE54-9A1E7A4F7556}") = "AlmacenUnitTesting", "2doParcial\UnitTesting\AlmacenUnitTesting\AlmacenUnitTesting.csproj", "{BF1CF59A-072F-4BD8-8D00-DDFFC836E969}"
EndProject
Project("{9A19103F-16F7-4668-BE54-9A1E7A4F7556}") = "LectorLib", "2doParcial\UnitTesting\LectorLib\LectorLib.csproj", "{930B191A-A51F-41D9-864E-9A6D3CF2089D}"
EndProject
Project("{9A19103F-16F7-4668-BE54-9A1E7A4F7556}") = "LectorUnitTesting", "2doParcial\UnitTesting\LectorUnitTesting\LectorUnitTesting.csproj", "{21816BEA-A00A-4194-8BB9-E86D86719A93}"
EndProject
Project("{2150E333-8FDC-42A3-9474-1A3956D46DE8}") = "pruebasjsjsjs", "pruebasjsjsjs", "{7C3F3B31-1496-4955-9152-6976DFDFFF4B}"
EndProject
Project("{2150E333-8FDC-42A3-9474-1A3956D46DE8}") = "crud", "crud", "{D600722D-62C1-47D8-82A5-2D9F30B079BB}"
EndProject
Project("{9A19103F-16F7-4668-BE54-9A1E7A4F7556}") = "pruebascrud", "pruebasjsjsjs\crud\pruebascrud\pruebascrud.csproj", "{30A79E73-CB8A-4EBE-A9D2-D6DE904A9642}"
EndProject
Global
	GlobalSection(SolutionConfigurationPlatforms) = preSolution
		Debug|Any CPU = Debug|Any CPU
		Release|Any CPU = Release|Any CPU
	EndGlobalSection
	GlobalSection(ProjectConfigurationPlatforms) = postSolution
		{FD9DE312-B2B1-4C1B-92A2-E0F2572D6CE4}.Debug|Any CPU.ActiveCfg = Debug|Any CPU
		{FD9DE312-B2B1-4C1B-92A2-E0F2572D6CE4}.Debug|Any CPU.Build.0 = Debug|Any CPU
		{FD9DE312-B2B1-4C1B-92A2-E0F2572D6CE4}.Release|Any CPU.ActiveCfg = Release|Any CPU
		{FD9DE312-B2B1-4C1B-92A2-E0F2572D6CE4}.Release|Any CPU.Build.0 = Release|Any CPU
		{D0B42CBD-A204-46AF-BD00-82860492BABF}.Debug|Any CPU.ActiveCfg = Debug|Any CPU
		{D0B42CBD-A204-46AF-BD00-82860492BABF}.Debug|Any CPU.Build.0 = Debug|Any CPU
		{D0B42CBD-A204-46AF-BD00-82860492BABF}.Release|Any CPU.ActiveCfg = Release|Any CPU
		{D0B42CBD-A204-46AF-BD00-82860492BABF}.Release|Any CPU.Build.0 = Release|Any CPU
		{2BD4EFA9-A886-44F0-AB3E-23DA8445B829}.Debug|Any CPU.ActiveCfg = Debug|Any CPU
		{2BD4EFA9-A886-44F0-AB3E-23DA8445B829}.Debug|Any CPU.Build.0 = Debug|Any CPU
		{2BD4EFA9-A886-44F0-AB3E-23DA8445B829}.Release|Any CPU.ActiveCfg = Release|Any CPU
		{2BD4EFA9-A886-44F0-AB3E-23DA8445B829}.Release|Any CPU.Build.0 = Release|Any CPU
		{A59593CF-9676-4B7A-8E5C-85461553EC75}.Debug|Any CPU.ActiveCfg = Debug|Any CPU
		{A59593CF-9676-4B7A-8E5C-85461553EC75}.Debug|Any CPU.Build.0 = Debug|Any CPU
		{A59593CF-9676-4B7A-8E5C-85461553EC75}.Release|Any CPU.ActiveCfg = Release|Any CPU
		{A59593CF-9676-4B7A-8E5C-85461553EC75}.Release|Any CPU.Build.0 = Release|Any CPU
		{41593C35-DF55-4135-8CD5-AB03ABA55BD4}.Debug|Any CPU.ActiveCfg = Debug|Any CPU
		{41593C35-DF55-4135-8CD5-AB03ABA55BD4}.Debug|Any CPU.Build.0 = Debug|Any CPU
		{41593C35-DF55-4135-8CD5-AB03ABA55BD4}.Release|Any CPU.ActiveCfg = Release|Any CPU
		{41593C35-DF55-4135-8CD5-AB03ABA55BD4}.Release|Any CPU.Build.0 = Release|Any CPU
		{D1DC3364-E3A6-4DEF-A561-F17E2943F86C}.Debug|Any CPU.ActiveCfg = Debug|Any CPU
		{D1DC3364-E3A6-4DEF-A561-F17E2943F86C}.Debug|Any CPU.Build.0 = Debug|Any CPU
		{D1DC3364-E3A6-4DEF-A561-F17E2943F86C}.Release|Any CPU.ActiveCfg = Release|Any CPU
		{D1DC3364-E3A6-4DEF-A561-F17E2943F86C}.Release|Any CPU.Build.0 = Release|Any CPU
		{574605CE-1598-41EB-974E-3FD940608414}.Debug|Any CPU.ActiveCfg = Debug|Any CPU
		{574605CE-1598-41EB-974E-3FD940608414}.Debug|Any CPU.Build.0 = Debug|Any CPU
		{574605CE-1598-41EB-974E-3FD940608414}.Release|Any CPU.ActiveCfg = Release|Any CPU
		{574605CE-1598-41EB-974E-3FD940608414}.Release|Any CPU.Build.0 = Release|Any CPU
		{8B00E68E-051E-46A6-9D5C-F12B1EC91F52}.Debug|Any CPU.ActiveCfg = Debug|Any CPU
		{8B00E68E-051E-46A6-9D5C-F12B1EC91F52}.Debug|Any CPU.Build.0 = Debug|Any CPU
		{8B00E68E-051E-46A6-9D5C-F12B1EC91F52}.Release|Any CPU.ActiveCfg = Release|Any CPU
		{8B00E68E-051E-46A6-9D5C-F12B1EC91F52}.Release|Any CPU.Build.0 = Release|Any CPU
		{5C86BA13-991B-49E3-8864-058CCE53BD39}.Debug|Any CPU.ActiveCfg = Debug|Any CPU
		{5C86BA13-991B-49E3-8864-058CCE53BD39}.Debug|Any CPU.Build.0 = Debug|Any CPU
		{5C86BA13-991B-49E3-8864-058CCE53BD39}.Release|Any CPU.ActiveCfg = Release|Any CPU
		{5C86BA13-991B-49E3-8864-058CCE53BD39}.Release|Any CPU.Build.0 = Release|Any CPU
		{69042DAC-35C7-40D3-9075-2CD3D2EE5CB8}.Debug|Any CPU.ActiveCfg = Debug|Any CPU
		{69042DAC-35C7-40D3-9075-2CD3D2EE5CB8}.Debug|Any CPU.Build.0 = Debug|Any CPU
		{69042DAC-35C7-40D3-9075-2CD3D2EE5CB8}.Release|Any CPU.ActiveCfg = Release|Any CPU
		{69042DAC-35C7-40D3-9075-2CD3D2EE5CB8}.Release|Any CPU.Build.0 = Release|Any CPU
		{06921CE4-BD36-43BC-BA8F-BAA5A1A87466}.Debug|Any CPU.ActiveCfg = Debug|Any CPU
		{06921CE4-BD36-43BC-BA8F-BAA5A1A87466}.Debug|Any CPU.Build.0 = Debug|Any CPU
		{06921CE4-BD36-43BC-BA8F-BAA5A1A87466}.Release|Any CPU.ActiveCfg = Release|Any CPU
		{06921CE4-BD36-43BC-BA8F-BAA5A1A87466}.Release|Any CPU.Build.0 = Release|Any CPU
		{F62D86E1-600E-4E8A-A066-E7D74AF076E0}.Debug|Any CPU.ActiveCfg = Debug|Any CPU
		{F62D86E1-600E-4E8A-A066-E7D74AF076E0}.Debug|Any CPU.Build.0 = Debug|Any CPU
		{F62D86E1-600E-4E8A-A066-E7D74AF076E0}.Release|Any CPU.ActiveCfg = Release|Any CPU
		{F62D86E1-600E-4E8A-A066-E7D74AF076E0}.Release|Any CPU.Build.0 = Release|Any CPU
		{80AFC9AC-FA05-4F11-A877-180DCDF462B2}.Debug|Any CPU.ActiveCfg = Debug|Any CPU
		{80AFC9AC-FA05-4F11-A877-180DCDF462B2}.Debug|Any CPU.Build.0 = Debug|Any CPU
		{80AFC9AC-FA05-4F11-A877-180DCDF462B2}.Release|Any CPU.ActiveCfg = Release|Any CPU
		{80AFC9AC-FA05-4F11-A877-180DCDF462B2}.Release|Any CPU.Build.0 = Release|Any CPU
		{712C9BF8-8E63-45B2-BA93-E220D77E1EAA}.Debug|Any CPU.ActiveCfg = Debug|Any CPU
		{712C9BF8-8E63-45B2-BA93-E220D77E1EAA}.Debug|Any CPU.Build.0 = Debug|Any CPU
		{712C9BF8-8E63-45B2-BA93-E220D77E1EAA}.Release|Any CPU.ActiveCfg = Release|Any CPU
		{712C9BF8-8E63-45B2-BA93-E220D77E1EAA}.Release|Any CPU.Build.0 = Release|Any CPU
		{7F90DA24-A871-4ABF-97D8-18D73CAADB99}.Debug|Any CPU.ActiveCfg = Debug|Any CPU
		{7F90DA24-A871-4ABF-97D8-18D73CAADB99}.Debug|Any CPU.Build.0 = Debug|Any CPU
		{7F90DA24-A871-4ABF-97D8-18D73CAADB99}.Release|Any CPU.ActiveCfg = Release|Any CPU
		{7F90DA24-A871-4ABF-97D8-18D73CAADB99}.Release|Any CPU.Build.0 = Release|Any CPU
		{BF1CF59A-072F-4BD8-8D00-DDFFC836E969}.Debug|Any CPU.ActiveCfg = Debug|Any CPU
		{BF1CF59A-072F-4BD8-8D00-DDFFC836E969}.Debug|Any CPU.Build.0 = Debug|Any CPU
		{BF1CF59A-072F-4BD8-8D00-DDFFC836E969}.Release|Any CPU.ActiveCfg = Release|Any CPU
		{BF1CF59A-072F-4BD8-8D00-DDFFC836E969}.Release|Any CPU.Build.0 = Release|Any CPU
		{930B191A-A51F-41D9-864E-9A6D3CF2089D}.Debug|Any CPU.ActiveCfg = Debug|Any CPU
		{930B191A-A51F-41D9-864E-9A6D3CF2089D}.Debug|Any CPU.Build.0 = Debug|Any CPU
		{930B191A-A51F-41D9-864E-9A6D3CF2089D}.Release|Any CPU.ActiveCfg = Release|Any CPU
		{930B191A-A51F-41D9-864E-9A6D3CF2089D}.Release|Any CPU.Build.0 = Release|Any CPU
		{21816BEA-A00A-4194-8BB9-E86D86719A93}.Debug|Any CPU.ActiveCfg = Debug|Any CPU
		{21816BEA-A00A-4194-8BB9-E86D86719A93}.Debug|Any CPU.Build.0 = Debug|Any CPU
		{21816BEA-A00A-4194-8BB9-E86D86719A93}.Release|Any CPU.ActiveCfg = Release|Any CPU
		{21816BEA-A00A-4194-8BB9-E86D86719A93}.Release|Any CPU.Build.0 = Release|Any CPU
		{30A79E73-CB8A-4EBE-A9D2-D6DE904A9642}.Debug|Any CPU.ActiveCfg = Debug|Any CPU
		{30A79E73-CB8A-4EBE-A9D2-D6DE904A9642}.Debug|Any CPU.Build.0 = Debug|Any CPU
		{30A79E73-CB8A-4EBE-A9D2-D6DE904A9642}.Release|Any CPU.ActiveCfg = Release|Any CPU
		{30A79E73-CB8A-4EBE-A9D2-D6DE904A9642}.Release|Any CPU.Build.0 = Release|Any CPU
	EndGlobalSection
	GlobalSection(SolutionProperties) = preSolution
		HideSolutionNode = FALSE
	EndGlobalSection
	GlobalSection(NestedProjects) = preSolution
		{FD9DE312-B2B1-4C1B-92A2-E0F2572D6CE4} = {F5E8AB62-F821-40C8-A2CF-68D30553A24E}
		{D0B42CBD-A204-46AF-BD00-82860492BABF} = {F5E8AB62-F821-40C8-A2CF-68D30553A24E}
		{2BD4EFA9-A886-44F0-AB3E-23DA8445B829} = {F5E8AB62-F821-40C8-A2CF-68D30553A24E}
		{A59593CF-9676-4B7A-8E5C-85461553EC75} = {F5E8AB62-F821-40C8-A2CF-68D30553A24E}
		{41593C35-DF55-4135-8CD5-AB03ABA55BD4} = {F5E8AB62-F821-40C8-A2CF-68D30553A24E}
		{D1DC3364-E3A6-4DEF-A561-F17E2943F86C} = {A5400682-D6EB-4F73-9FFC-02367AECF39E}
		{574605CE-1598-41EB-974E-3FD940608414} = {A5400682-D6EB-4F73-9FFC-02367AECF39E}
		{8B00E68E-051E-46A6-9D5C-F12B1EC91F52} = {A5400682-D6EB-4F73-9FFC-02367AECF39E}
		{5C86BA13-991B-49E3-8864-058CCE53BD39} = {A5400682-D6EB-4F73-9FFC-02367AECF39E}
		{69042DAC-35C7-40D3-9075-2CD3D2EE5CB8} = {A5400682-D6EB-4F73-9FFC-02367AECF39E}
		{06921CE4-BD36-43BC-BA8F-BAA5A1A87466} = {A5400682-D6EB-4F73-9FFC-02367AECF39E}
		{EBBBAB1D-98D6-45DE-8A11-744540427AFD} = {F5E8AB62-F821-40C8-A2CF-68D30553A24E}
		{F62D86E1-600E-4E8A-A066-E7D74AF076E0} = {EBBBAB1D-98D6-45DE-8A11-744540427AFD}
		{80AFC9AC-FA05-4F11-A877-180DCDF462B2} = {EBBBAB1D-98D6-45DE-8A11-744540427AFD}
		{46F29BC8-C3A5-449D-86EE-BA7C78E3B008} = {A5400682-D6EB-4F73-9FFC-02367AECF39E}
		{712C9BF8-8E63-45B2-BA93-E220D77E1EAA} = {46F29BC8-C3A5-449D-86EE-BA7C78E3B008}
		{D47BE07A-6690-4FD0-B41E-95D2975F52CE} = {A5400682-D6EB-4F73-9FFC-02367AECF39E}
		{7F90DA24-A871-4ABF-97D8-18D73CAADB99} = {D47BE07A-6690-4FD0-B41E-95D2975F52CE}
		{BF1CF59A-072F-4BD8-8D00-DDFFC836E969} = {D47BE07A-6690-4FD0-B41E-95D2975F52CE}
		{930B191A-A51F-41D9-864E-9A6D3CF2089D} = {D47BE07A-6690-4FD0-B41E-95D2975F52CE}
		{21816BEA-A00A-4194-8BB9-E86D86719A93} = {D47BE07A-6690-4FD0-B41E-95D2975F52CE}
		{D600722D-62C1-47D8-82A5-2D9F30B079BB} = {7C3F3B31-1496-4955-9152-6976DFDFFF4B}
		{30A79E73-CB8A-4EBE-A9D2-D6DE904A9642} = {D600722D-62C1-47D8-82A5-2D9F30B079BB}
	EndGlobalSection
	GlobalSection(ExtensibilityGlobals) = postSolution
		SolutionGuid = {9A2956F3-2EEA-493A-B5F7-37D598B4B8A7}
	EndGlobalSection
EndGlobal
